// !$*UTF8*$!
{
	archiveVersion = 1;
	classes = {
	};
	objectVersion = 46;
	objects = {

/* Begin PBXBuildFile section */
		358612661CB0E9100069BC3E /* AppDelegate.swift in Sources */ = {isa = PBXBuildFile; fileRef = 358612651CB0E9100069BC3E /* AppDelegate.swift */; };
		358612681CB0E9100069BC3E /* ViewController.swift in Sources */ = {isa = PBXBuildFile; fileRef = 358612671CB0E9100069BC3E /* ViewController.swift */; };
		3586126B1CB0E9100069BC3E /* Main.storyboard in Resources */ = {isa = PBXBuildFile; fileRef = 358612691CB0E9100069BC3E /* Main.storyboard */; };
		3586126D1CB0E9100069BC3E /* Assets.xcassets in Resources */ = {isa = PBXBuildFile; fileRef = 3586126C1CB0E9100069BC3E /* Assets.xcassets */; };
		358612701CB0E9100069BC3E /* LaunchScreen.storyboard in Resources */ = {isa = PBXBuildFile; fileRef = 3586126E1CB0E9100069BC3E /* LaunchScreen.storyboard */; };
		3586127B1CB0E9100069BC3E /* iSamplrTests.swift in Sources */ = {isa = PBXBuildFile; fileRef = 3586127A1CB0E9100069BC3E /* iSamplrTests.swift */; };
		358612871CB0E9D20069BC3E /* button_lit.png in Resources */ = {isa = PBXBuildFile; fileRef = 358612851CB0E9D20069BC3E /* button_lit.png */; };
		358612881CB0E9D20069BC3E /* button.png in Resources */ = {isa = PBXBuildFile; fileRef = 358612861CB0E9D20069BC3E /* button.png */; };
		3586128D1CB105C30069BC3E /* clap.wav in Resources */ = {isa = PBXBuildFile; fileRef = 358612891CB105C30069BC3E /* clap.wav */; };
		3586128E1CB105C30069BC3E /* hat.wav in Resources */ = {isa = PBXBuildFile; fileRef = 3586128A1CB105C30069BC3E /* hat.wav */; };
		3586128F1CB105C30069BC3E /* kick.wav in Resources */ = {isa = PBXBuildFile; fileRef = 3586128B1CB105C30069BC3E /* kick.wav */; };
		358612901CB105C30069BC3E /* snare.wav in Resources */ = {isa = PBXBuildFile; fileRef = 3586128C1CB105C30069BC3E /* snare.wav */; };
		358612921CB144D50069BC3E /* synth.m4a in Resources */ = {isa = PBXBuildFile; fileRef = 358612911CB144D50069BC3E /* synth.m4a */; };
/* End PBXBuildFile section */

/* Begin PBXContainerItemProxy section */
		358612771CB0E9100069BC3E /* PBXContainerItemProxy */ = {
			isa = PBXContainerItemProxy;
			containerPortal = 3586125A1CB0E9100069BC3E /* Project object */;
			proxyType = 1;
			remoteGlobalIDString = 358612611CB0E9100069BC3E;
			remoteInfo = iSamplr;
		};
/* End PBXContainerItemProxy section */

/* Begin PBXFileReference section */
		358612621CB0E9100069BC3E /* iSamplr.app */ = {isa = PBXFileReference; explicitFileType = wrapper.application; includeInIndex = 0; path = iSamplr.app; sourceTree = BUILT_PRODUCTS_DIR; };
		358612651CB0E9100069BC3E /* AppDelegate.swift */ = {isa = PBXFileReference; lastKnownFileType = sourcecode.swift; path = AppDelegate.swift; sourceTree = "<group>"; };
		358612671CB0E9100069BC3E /* ViewController.swift */ = {isa = PBXFileReference; lastKnownFileType = sourcecode.swift; path = ViewController.swift; sourceTree = "<group>"; };
		3586126A1CB0E9100069BC3E /* Base */ = {isa = PBXFileReference; lastKnownFileType = file.storyboard; name = Base; path = Base.lproj/Main.storyboard; sourceTree = "<group>"; };
		3586126C1CB0E9100069BC3E /* Assets.xcassets */ = {isa = PBXFileReference; lastKnownFileType = folder.assetcatalog; path = Assets.xcassets; sourceTree = "<group>"; };
		3586126F1CB0E9100069BC3E /* Base */ = {isa = PBXFileReference; lastKnownFileType = file.storyboard; name = Base; path = Base.lproj/LaunchScreen.storyboard; sourceTree = "<group>"; };
		358612711CB0E9100069BC3E /* Info.plist */ = {isa = PBXFileReference; lastKnownFileType = text.plist.xml; path = Info.plist; sourceTree = "<group>"; };
		358612761CB0E9100069BC3E /* iSamplrTests.xctest */ = {isa = PBXFileReference; explicitFileType = wrapper.cfbundle; includeInIndex = 0; path = iSamplrTests.xctest; sourceTree = BUILT_PRODUCTS_DIR; };
		3586127A1CB0E9100069BC3E /* iSamplrTests.swift */ = {isa = PBXFileReference; lastKnownFileType = sourcecode.swift; path = iSamplrTests.swift; sourceTree = "<group>"; };
		3586127C1CB0E9100069BC3E /* Info.plist */ = {isa = PBXFileReference; lastKnownFileType = text.plist.xml; path = Info.plist; sourceTree = "<group>"; };
		358612851CB0E9D20069BC3E /* button_lit.png */ = {isa = PBXFileReference; lastKnownFileType = image.png; path = button_lit.png; sourceTree = "<group>"; };
		358612861CB0E9D20069BC3E /* button.png */ = {isa = PBXFileReference; lastKnownFileType = image.png; path = button.png; sourceTree = "<group>"; };
		358612891CB105C30069BC3E /* clap.wav */ = {isa = PBXFileReference; lastKnownFileType = audio.wav; path = clap.wav; sourceTree = "<group>"; };
		3586128A1CB105C30069BC3E /* hat.wav */ = {isa = PBXFileReference; lastKnownFileType = audio.wav; path = hat.wav; sourceTree = "<group>"; };
		3586128B1CB105C30069BC3E /* kick.wav */ = {isa = PBXFileReference; lastKnownFileType = audio.wav; path = kick.wav; sourceTree = "<group>"; };
		3586128C1CB105C30069BC3E /* snare.wav */ = {isa = PBXFileReference; lastKnownFileType = audio.wav; path = snare.wav; sourceTree = "<group>"; };
		358612911CB144D50069BC3E /* synth.m4a */ = {isa = PBXFileReference; lastKnownFileType = file; path = synth.m4a; sourceTree = "<group>"; };
/* End PBXFileReference section */

/* Begin PBXFrameworksBuildPhase section */
		3586125F1CB0E9100069BC3E /* Frameworks */ = {
			isa = PBXFrameworksBuildPhase;
			buildActionMask = 2147483647;
			files = (
			);
			runOnlyForDeploymentPostprocessing = 0;
		};
		358612731CB0E9100069BC3E /* Frameworks */ = {
			isa = PBXFrameworksBuildPhase;
			buildActionMask = 2147483647;
			files = (
			);
			runOnlyForDeploymentPostprocessing = 0;
		};
/* End PBXFrameworksBuildPhase section */

/* Begin PBXGroup section */
		358612591CB0E9100069BC3E = {
			isa = PBXGroup;
			children = (
				358612641CB0E9100069BC3E /* iSamplr */,
				358612791CB0E9100069BC3E /* iSamplrTests */,
				358612631CB0E9100069BC3E /* Products */,
			);
			sourceTree = "<group>";
		};
		358612631CB0E9100069BC3E /* Products */ = {
			isa = PBXGroup;
			children = (
				358612621CB0E9100069BC3E /* iSamplr.app */,
				358612761CB0E9100069BC3E /* iSamplrTests.xctest */,
			);
			name = Products;
			sourceTree = "<group>";
		};
		358612641CB0E9100069BC3E /* iSamplr */ = {
			isa = PBXGroup;
			children = (
				358612851CB0E9D20069BC3E /* button_lit.png */,
				358612861CB0E9D20069BC3E /* button.png */,
				358612651CB0E9100069BC3E /* AppDelegate.swift */,
				358612671CB0E9100069BC3E /* ViewController.swift */,
				358612891CB105C30069BC3E /* clap.wav */,
				3586128A1CB105C30069BC3E /* hat.wav */,
				3586128B1CB105C30069BC3E /* kick.wav */,
				3586128C1CB105C30069BC3E /* snare.wav */,
				358612691CB0E9100069BC3E /* Main.storyboard */,
				358612911CB144D50069BC3E /* synth.m4a */,
				3586126C1CB0E9100069BC3E /* Assets.xcassets */,
				3586126E1CB0E9100069BC3E /* LaunchScreen.storyboard */,
				358612711CB0E9100069BC3E /* Info.plist */,
			);
			path = iSamplr;
			sourceTree = "<group>";
		};
		358612791CB0E9100069BC3E /* iSamplrTests */ = {
			isa = PBXGroup;
			children = (
				3586127A1CB0E9100069BC3E /* iSamplrTests.swift */,
				3586127C1CB0E9100069BC3E /* Info.plist */,
			);
			path = iSamplrTests;
			sourceTree = "<group>";
		};
/* End PBXGroup section */

/* Begin PBXNativeTarget section */
		358612611CB0E9100069BC3E /* iSamplr */ = {
			isa = PBXNativeTarget;
			buildConfigurationList = 3586127F1CB0E9100069BC3E /* Build configuration list for PBXNativeTarget "iSamplr" */;
			buildPhases = (
				3586125E1CB0E9100069BC3E /* Sources */,
				3586125F1CB0E9100069BC3E /* Frameworks */,
				358612601CB0E9100069BC3E /* Resources */,
			);
			buildRules = (
			);
			dependencies = (
			);
			name = iSamplr;
			productName = iSamplr;
			productReference = 358612621CB0E9100069BC3E /* iSamplr.app */;
			productType = "com.apple.product-type.application";
		};
		358612751CB0E9100069BC3E /* iSamplrTests */ = {
			isa = PBXNativeTarget;
			buildConfigurationList = 358612821CB0E9100069BC3E /* Build configuration list for PBXNativeTarget "iSamplrTests" */;
			buildPhases = (
				358612721CB0E9100069BC3E /* Sources */,
				358612731CB0E9100069BC3E /* Frameworks */,
				358612741CB0E9100069BC3E /* Resources */,
			);
			buildRules = (
			);
			dependencies = (
				358612781CB0E9100069BC3E /* PBXTargetDependency */,
			);
			name = iSamplrTests;
			productName = iSamplrTests;
			productReference = 358612761CB0E9100069BC3E /* iSamplrTests.xctest */;
			productType = "com.apple.product-type.bundle.unit-test";
		};
/* End PBXNativeTarget section */

/* Begin PBXProject section */
		3586125A1CB0E9100069BC3E /* Project object */ = {
			isa = PBXProject;
			attributes = {
				LastSwiftUpdateCheck = 0730;
				LastUpgradeCheck = 0730;
				ORGANIZATIONNAME = "Hun Jae Lee";
				TargetAttributes = {
					358612611CB0E9100069BC3E = {
						CreatedOnToolsVersion = 7.3;
						DevelopmentTeam = C579B8B4M9;
					};
					358612751CB0E9100069BC3E = {
						CreatedOnToolsVersion = 7.3;
						TestTargetID = 358612611CB0E9100069BC3E;
					};
				};
			};
			buildConfigurationList = 3586125D1CB0E9100069BC3E /* Build configuration list for PBXProject "iSamplr" */;
			compatibilityVersion = "Xcode 3.2";
			developmentRegion = English;
			hasScannedForEncodings = 0;
			knownRegions = (
				en,
				Base,
			);
			mainGroup = 358612591CB0E9100069BC3E;
			productRefGroup = 358612631CB0E9100069BC3E /* Products */;
			projectDirPath = "";
			projectRoot = "";
			targets = (
				358612611CB0E9100069BC3E /* iSamplr */,
				358612751CB0E9100069BC3E /* iSamplrTests */,
			);
		};
/* End PBXProject section */

/* Begin PBXResourcesBuildPhase section */
		358612601CB0E9100069BC3E /* Resources */ = {
			isa = PBXResourcesBuildPhase;
			buildActionMask = 2147483647;
			files = (
				3586128D1CB105C30069BC3E /* clap.wav in Resources */,
				358612901CB105C30069BC3E /* snare.wav in Resources */,
				358612701CB0E9100069BC3E /* LaunchScreen.storyboard in Resources */,
				358612881CB0E9D20069BC3E /* button.png in Resources */,
				3586128E1CB105C30069BC3E /* hat.wav in Resources */,
				358612871CB0E9D20069BC3E /* button_lit.png in Resources */,
				3586126D1CB0E9100069BC3E /* Assets.xcassets in Resources */,
				3586128F1CB105C30069BC3E /* kick.wav in Resources */,
				3586126B1CB0E9100069BC3E /* Main.storyboard in Resources */,
				358612921CB144D50069BC3E /* synth.m4a in Resources */,
			);
			runOnlyForDeploymentPostprocessing = 0;
		};
		358612741CB0E9100069BC3E /* Resources */ = {
			isa = PBXResourcesBuildPhase;
			buildActionMask = 2147483647;
			files = (
			);
			runOnlyForDeploymentPostprocessing = 0;
		};
/* End PBXResourcesBuildPhase section */

/* Begin PBXSourcesBuildPhase section */
		3586125E1CB0E9100069BC3E /* Sources */ = {
			isa = PBXSourcesBuildPhase;
			buildActionMask = 2147483647;
			files = (
				358612681CB0E9100069BC3E /* ViewController.swift in Sources */,
				358612661CB0E9100069BC3E /* AppDelegate.swift in Sources */,
			);
			runOnlyForDeploymentPostprocessing = 0;
		};
		358612721CB0E9100069BC3E /* Sources */ = {
			isa = PBXSourcesBuildPhase;
			buildActionMask = 2147483647;
			files = (
				3586127B1CB0E9100069BC3E /* iSamplrTests.swift in Sources */,
			);
			runOnlyForDeploymentPostprocessing = 0;
		};
/* End PBXSourcesBuildPhase section */

/* Begin PBXTargetDependency section */
		358612781CB0E9100069BC3E /* PBXTargetDependency */ = {
			isa = PBXTargetDependency;
			target = 358612611CB0E9100069BC3E /* iSamplr */;
			targetProxy = 358612771CB0E9100069BC3E /* PBXContainerItemProxy */;
		};
/* End PBXTargetDependency section */

/* Begin PBXVariantGroup section */
		358612691CB0E9100069BC3E /* Main.storyboard */ = {
			isa = PBXVariantGroup;
			children = (
				3586126A1CB0E9100069BC3E /* Base */,
			);
			name = Main.storyboard;
			sourceTree = "<group>";
		};
		3586126E1CB0E9100069BC3E /* LaunchScreen.storyboard */ = {
			isa = PBXVariantGroup;
			children = (
				3586126F1CB0E9100069BC3E /* Base */,
			);
			name = LaunchScreen.storyboard;
			sourceTree = "<group>";
		};
/* End PBXVariantGroup section */

/* Begin XCBuildConfiguration section */
		3586127D1CB0E9100069BC3E /* Debug */ = {
			isa = XCBuildConfiguration;
			buildSettings = {
				ALWAYS_SEARCH_USER_PATHS = NO;
				CLANG_ANALYZER_NONNULL = YES;
				CLANG_CXX_LANGUAGE_STANDARD = "gnu++0x";
				CLANG_CXX_LIBRARY = "libc++";
				CLANG_ENABLE_MODULES = YES;
				CLANG_ENABLE_OBJC_ARC = YES;
				CLANG_WARN_BOOL_CONVERSION = YES;
				CLANG_WARN_CONSTANT_CONVERSION = YES;
				CLANG_WARN_DIRECT_OBJC_ISA_USAGE = YES_ERROR;
				CLANG_WARN_EMPTY_BODY = YES;
				CLANG_WARN_ENUM_CONVERSION = YES;
				CLANG_WARN_INT_CONVERSION = YES;
				CLANG_WARN_OBJC_ROOT_CLASS = YES_ERROR;
				CLANG_WARN_UNREACHABLE_CODE = YES;
				CLANG_WARN__DUPLICATE_METHOD_MATCH = YES;
				"CODE_SIGN_IDENTITY[sdk=iphoneos*]" = "iPhone Developer";
				COPY_PHASE_STRIP = NO;
				DEBUG_INFORMATION_FORMAT = dwarf;
				ENABLE_STRICT_OBJC_MSGSEND = YES;
				ENABLE_TESTABILITY = YES;
				GCC_C_LANGUAGE_STANDARD = gnu99;
				GCC_DYNAMIC_NO_PIC = NO;
				GCC_NO_COMMON_BLOCKS = YES;
				GCC_OPTIMIZATION_LEVEL = 0;
				GCC_PREPROCESSOR_DEFINITIONS = (
					"DEBUG=1",
					"$(inherited)",
				);
				GCC_WARN_64_TO_32_BIT_CONVERSION = YES;
				GCC_WARN_ABOUT_RETURN_TYPE = YES_ERROR;
				GCC_WARN_UNDECLARED_SELECTOR = YES;
				GCC_WARN_UNINITIALIZED_AUTOS = YES_AGGRESSIVE;
				GCC_WARN_UNUSED_FUNCTION = YES;
				GCC_WARN_UNUSED_VARIABLE = YES;
				IPHONEOS_DEPLOYMENT_TARGET = 9.3;
				MTL_ENABLE_DEBUG_INFO = YES;
				ONLY_ACTIVE_ARCH = YES;
				SDKROOT = iphoneos;
				SWIFT_OPTIMIZATION_LEVEL = "-Onone";
				TARGETED_DEVICE_FAMILY = "1,2";
			};
			name = Debug;
		};
		3586127E1CB0E9100069BC3E /* Release */ = {
			isa = XCBuildConfiguration;
			buildSettings = {
				ALWAYS_SEARCH_USER_PATHS = NO;
				CLANG_ANALYZER_NONNULL = YES;
				CLANG_CXX_LANGUAGE_STANDARD = "gnu++0x";
				CLANG_CXX_LIBRARY = "libc++";
				CLANG_ENABLE_MODULES = YES;
				CLANG_ENABLE_OBJC_ARC = YES;
				CLANG_WARN_BOOL_CONVERSION = YES;
				CLANG_WARN_CONSTANT_CONVERSION = YES;
				CLANG_WARN_DIRECT_OBJC_ISA_USAGE = YES_ERROR;
				CLANG_WARN_EMPTY_BODY = YES;
				CLANG_WARN_ENUM_CONVERSION = YES;
				CLANG_WARN_INT_CONVERSION = YES;
				CLANG_WARN_OBJC_ROOT_CLASS = YES_ERROR;
				CLANG_WARN_UNREACHABLE_CODE = YES;
				CLANG_WARN__DUPLICATE_METHOD_MATCH = YES;
				"CODE_SIGN_IDENTITY[sdk=iphoneos*]" = "iPhone Developer";
				COPY_PHASE_STRIP = NO;
				DEBUG_INFORMATION_FORMAT = "dwarf-with-dsym";
				ENABLE_NS_ASSERTIONS = NO;
				ENABLE_STRICT_OBJC_MSGSEND = YES;
				GCC_C_LANGUAGE_STANDARD = gnu99;
				GCC_NO_COMMON_BLOCKS = YES;
				GCC_WARN_64_TO_32_BIT_CONVERSION = YES;
				GCC_WARN_ABOUT_RETURN_TYPE = YES_ERROR;
				GCC_WARN_UNDECLARED_SELECTOR = YES;
				GCC_WARN_UNINITIALIZED_AUTOS = YES_AGGRESSIVE;
				GCC_WARN_UNUSED_FUNCTION = YES;
				GCC_WARN_UNUSED_VARIABLE = YES;
				IPHONEOS_DEPLOYMENT_TARGET = 9.3;
				MTL_ENABLE_DEBUG_INFO = NO;
				SDKROOT = iphoneos;
				TARGETED_DEVICE_FAMILY = "1,2";
				VALIDATE_PRODUCT = YES;
			};
			name = Release;
		};
		358612801CB0E9100069BC3E /* Debug */ = {
			isa = XCBuildConfiguration;
			buildSettings = {
				ASSETCATALOG_COMPILER_APPICON_NAME = AppIcon;
				CODE_SIGN_IDENTITY = "iPhone Developer";
				INFOPLIST_FILE = iSamplr/Info.plist;
				LD_RUNPATH_SEARCH_PATHS = "$(inherited) @executable_path/Frameworks";
				PRODUCT_BUNDLE_IDENTIFIER = me.hunj.iSamplr;
				PRODUCT_NAME = "$(TARGET_NAME)";
			};
			name = Debug;
		};
		358612811CB0E9100069BC3E /* Release */ = {
			isa = XCBuildConfiguration;
			buildSettings = {
				ASSETCATALOG_COMPILER_APPICON_NAME = AppIcon;
				CODE_SIGN_IDENTITY = "iPhone Developer";
				INFOPLIST_FILE = iSamplr/Info.plist;
				LD_RUNPATH_SEARCH_PATHS = "$(inherited) @executable_path/Frameworks";
				PRODUCT_BUNDLE_IDENTIFIER = me.hunj.iSamplr;
				PRODUCT_NAME = "$(TARGET_NAME)";
			};
			name = Release;
		};
		358612831CB0E9100069BC3E /* Debug */ = {
			isa = XCBuildConfiguration;
			buildSettings = {
				BUNDLE_LOADER = "$(TEST_HOST)";
				INFOPLIST_FILE = iSamplrTests/Info.plist;
				LD_RUNPATH_SEARCH_PATHS = "$(inherited) @executable_path/Frameworks @loader_path/Frameworks";
				PRODUCT_BUNDLE_IDENTIFIER = me.hunj.iSamplrTests;
				PRODUCT_NAME = "$(TARGET_NAME)";
				TEST_HOST = "$(BUILT_PRODUCTS_DIR)/iSamplr.app/iSamplr";
			};
			name = Debug;
		};
		358612841CB0E9100069BC3E /* Release */ = {
			isa = XCBuildConfiguration;
			buildSettings = {
				BUNDLE_LOADER = "$(TEST_HOST)";
				INFOPLIST_FILE = iSamplrTests/Info.plist;
				LD_RUNPATH_SEARCH_PATHS = "$(inherited) @executable_path/Frameworks @loader_path/Frameworks";
				PRODUCT_BUNDLE_IDENTIFIER = me.hunj.iSamplrTests;
				PRODUCT_NAME = "$(TARGET_NAME)";
				TEST_HOST = "$(BUILT_PRODUCTS_DIR)/iSamplr.app/iSamplr";
			};
			name = Release;
		};
/* End XCBuildConfiguration section */

/* Begin XCConfigurationList section */
		3586125D1CB0E9100069BC3E /* Build configuration list for PBXProject "iSamplr" */ = {
			isa = XCConfigurationList;
			buildConfigurations = (
				3586127D1CB0E9100069BC3E /* Debug */,
				3586127E1CB0E9100069BC3E /* Release */,
			);
			defaultConfigurationIsVisible = 0;
			defaultConfigurationName = Release;
		};
		3586127F1CB0E9100069BC3E /* Build configuration list for PBXNativeTarget "iSamplr" */ = {
			isa = XCConfigurationList;
			buildConfigurations = (
				358612801CB0E9100069BC3E /* Debug */,
				358612811CB0E9100069BC3E /* Release */,
			);
			defaultConfigurationIsVisible = 0;
		};
		358612821CB0E9100069BC3E /* Build configuration list for PBXNativeTarget "iSamplrTests" */ = {
			isa = XCConfigurationList;
			buildConfigurations = (
				358612831CB0E9100069BC3E /* Debug */,
				358612841CB0E9100069BC3E /* Release */,
			);
			defaultConfigurationIsVisible = 0;
		};
/* End XCConfigurationList section */
	};
	rootObject = 3586125A1CB0E9100069BC3E /* Project object */;
}
